PODS:
  - Masonry (1.0.2)
  - WGCommon (0.1.0):
    - Masonry (~> 1.0.1)

DEPENDENCIES:
  - WGCommon (from `../`)

SPEC REPOS:
  trunk:
    - Masonry

EXTERNAL SOURCES:
  WGCommon:
    :path: "../"

SPEC CHECKSUMS:
  Masonry: 7c429b56da9d4ee0bbb3ed77a5ea710d6a5df39e
  WGCommon: 63f2e85c1fb7765c221bec51243b02c921ddf22e

PODFILE CHECKSUM: 47f0a3c88e0935e81d4f09c2268900c264ecbf05

COCOAPODS: 1.9.1
